
Microsoft Visual Studio Solution File, Format Version 12.00
# Visual Studio 15
VisualStudioVersion = 15.0.28307.1022
MinimumVisualStudioVersion = 10.0.40219.1
Project("{FAE04EC0-301F-11D3-BF4B-00C04F79EFBC}") = "OdeToFood.Web", "OdeToFood.Web\OdeToFood.Web.csproj", "{6BBAA7B2-32BA-4283-BF4C-3BEAE0EF3E76}"
EndProject
Project("{FAE04EC0-301F-11D3-BF4B-00C04F79EFBC}") = "OdeToFood.Data", "OdeToFood.Data\OdeToFood.Data.csproj", "{1C3B1343-8FCF-43AC-82F5-6F2153234E93}"
EndProject
Global
	GlobalSection(SolutionConfigurationPlatforms) = preSolution
		Debug|Any CPU = Debug|Any CPU
		Release|Any CPU = Release|Any CPU
	EndGlobalSection
	GlobalSection(ProjectConfigurationPlatforms) = postSolution
		{6BBAA7B2-32BA-4283-BF4C-3BEAE0EF3E76}.Debug|Any CPU.ActiveCfg = Debug|Any CPU
		{6BBAA7B2-32BA-4283-BF4C-3BEAE0EF3E76}.Debug|Any CPU.Build.0 = Debug|Any CPU
		{6BBAA7B2-32BA-4283-BF4C-3BEAE0EF3E76}.Release|Any CPU.ActiveCfg = Release|Any CPU
		{6BBAA7B2-32BA-4283-BF4C-3BEAE0EF3E76}.Release|Any CPU.Build.0 = Release|Any CPU
		{1C3B1343-8FCF-43AC-82F5-6F2153234E93}.Debug|Any CPU.ActiveCfg = Debug|Any CPU
		{1C3B1343-8FCF-43AC-82F5-6F2153234E93}.Debug|Any CPU.Build.0 = Debug|Any CPU
		{1C3B1343-8FCF-43AC-82F5-6F2153234E93}.Release|Any CPU.ActiveCfg = Release|Any CPU
		{1C3B1343-8FCF-43AC-82F5-6F2153234E93}.Release|Any CPU.Build.0 = Release|Any CPU
	EndGlobalSection
	GlobalSection(SolutionProperties) = preSolution
		HideSolutionNode = FALSE
	EndGlobalSection
	GlobalSection(ExtensibilityGlobals) = postSolution
		SolutionGuid = {2F815836-6244-46DE-B85F-2800F1ED700B}
	EndGlobalSection
EndGlobal
